
Microsoft Visual Studio Solution File, Format Version 12.00
# Visual Studio Version 16
VisualStudioVersion = 16.0.34031.81
MinimumVisualStudioVersion = 10.0.40219.1
Project("{2150E333-8FDC-42A3-9474-1A3956D46DE8}") = "Task0", "Task0", "{352EF919-AFE7-4407-843A-1A0676D58E57}"
EndProject
Project("{FAE04EC0-301F-11D3-BF4B-00C04F79EFBC}") = "Tyuiu.ZhirenbaevaII.Sprint3.Task0.V17", "Tyuiu.ZhirenbaevaII.Sprint3.Task0.V17\Tyuiu.ZhirenbaevaII.Sprint3.Task0.V17.csproj", "{B85044CF-639F-47B8-AFB3-56E7B49ACD3B}"
EndProject
Project("{FAE04EC0-301F-11D3-BF4B-00C04F79EFBC}") = "Tyuiu.ZhirenbaevaII.Sprint3.Task0.V17.Lib", "Tyuiu.ZhirenbaevaII.Sprint3.Task0.V17.Lib\Tyuiu.ZhirenbaevaII.Sprint3.Task0.V17.Lib.csproj", "{C7AA87E2-5FC7-400E-8B3A-6864D7EE9619}"
EndProject
Project("{FAE04EC0-301F-11D3-BF4B-00C04F79EFBC}") = "Tyuiu.ZhirenbaevaII.Sprint3.Task0.V17.Test", "Tyuiu.ZhirenbaevaII.Sprint3.Task0.V17.Test\Tyuiu.ZhirenbaevaII.Sprint3.Task0.V17.Test.csproj", "{E4F34CF9-E281-4E24-ACFA-984C6C4165F8}"
EndProject
Project("{2150E333-8FDC-42A3-9474-1A3956D46DE8}") = "Task1", "Task1", "{15834E21-B2D3-4C21-8DF7-87F98E4853A6}"
EndProject
Project("{2150E333-8FDC-42A3-9474-1A3956D46DE8}") = "Task4", "Task4", "{876187A6-C91A-464F-AC9A-1982CCA3AA0F}"
EndProject
Project("{FAE04EC0-301F-11D3-BF4B-00C04F79EFBC}") = "Tyuiu.ZhirenbaevaII.Sprint3.Task4.V23", "Tyuiu.ZhirenbaevaII.Sprint3.Task4.V23\Tyuiu.ZhirenbaevaII.Sprint3.Task4.V23.csproj", "{2C6EBEFA-98DF-44CB-9390-4442DE2C7C1E}"
EndProject
Project("{FAE04EC0-301F-11D3-BF4B-00C04F79EFBC}") = "Tyuiu.ZhirenbaevaII.Sprint3.Task4.V23.Lib", "Tyuiu.ZhirenbaevaII.Sprint3.Task4.V23.Lib\Tyuiu.ZhirenbaevaII.Sprint3.Task4.V23.Lib.csproj", "{E7CA8C36-AC92-481C-BDF1-F5FAACE49C94}"
EndProject
Project("{FAE04EC0-301F-11D3-BF4B-00C04F79EFBC}") = "Tyuiu.ZhirenbaevaII.Sprint3.Task4.V23.Test", "Tyuiu.ZhirenbaevaII.Sprint3.Task4.V23.Test\Tyuiu.ZhirenbaevaII.Sprint3.Task4.V23.Test.csproj", "{6AC16FEE-93C4-4E72-9512-7C7CC13EDCC3}"
EndProject
Project("{2150E333-8FDC-42A3-9474-1A3956D46DE8}") = "Task5", "Task5", "{84DB5B4C-EAE3-4964-9AF6-885F0BAF5CA6}"
EndProject
Project("{FAE04EC0-301F-11D3-BF4B-00C04F79EFBC}") = "Tyuiu.ZhirenbaevaII.Sprint3.Task5.V10", "Tyuiu.ZhirenbaevaII.Sprint3.Task5.V10\Tyuiu.ZhirenbaevaII.Sprint3.Task5.V10.csproj", "{730604C2-DA73-46B4-B7EF-A0B2BA583A1C}"
EndProject
Project("{FAE04EC0-301F-11D3-BF4B-00C04F79EFBC}") = "Tyuiu.ZhirenbaevaII.Sprint3.Task5.V10.Lib", "Tyuiu.ZhirenbaevaII.Sprint3.Task5.V10.Lib\Tyuiu.ZhirenbaevaII.Sprint3.Task5.V10.Lib.csproj", "{94AF4AF9-1F4F-402B-9175-93CDC2215764}"
EndProject
Project("{FAE04EC0-301F-11D3-BF4B-00C04F79EFBC}") = "Tyuiu.ZhirenbaevaII.Sprint3.Task5.V10.Test", "Tyuiu.ZhirenbaevaII.Sprint3.Task5.V10.Test\Tyuiu.ZhirenbaevaII.Sprint3.Task5.V10.Test.csproj", "{ECD4C27A-451E-45F0-AC25-688EC5552EEB}"
EndProject
Project("{2150E333-8FDC-42A3-9474-1A3956D46DE8}") = "Task6", "Task6", "{EC891996-BAD2-493A-B326-E0CDBA99B9E6}"
EndProject
Project("{FAE04EC0-301F-11D3-BF4B-00C04F79EFBC}") = "Tyuiu.ZhirenbaevaII.Sprint3.Task6.V7", "Tyuiu.ZhirenbaevaII.Sprint3.Task6.V7\Tyuiu.ZhirenbaevaII.Sprint3.Task6.V7.csproj", "{0C4791C6-0F36-4AA9-9D48-3ABD33FA02FA}"
EndProject
Project("{FAE04EC0-301F-11D3-BF4B-00C04F79EFBC}") = "Tyuiu.ZhirenbaevaII.Sprint3.Task6.V7.Lib", "Tyuiu.ZhirenbaevaII.Sprint3.Task6.V7.Lib\Tyuiu.ZhirenbaevaII.Sprint3.Task6.V7.Lib.csproj", "{21B4707E-EC0D-4295-883A-A7480079E83F}"
EndProject
Project("{FAE04EC0-301F-11D3-BF4B-00C04F79EFBC}") = "Tyuiu.ZhirenbaevaII.Sprint3.Task6.V7.Test", "Tyuiu.ZhirenbaevaII.Sprint3.Task6.V7.Test\Tyuiu.ZhirenbaevaII.Sprint3.Task6.V7.Test.csproj", "{CA90E1B9-D2D9-4DF9-98B9-B755E7A52568}"
EndProject
Project("{2150E333-8FDC-42A3-9474-1A3956D46DE8}") = "Task7", "Task7", "{7600A269-CE16-424B-B81F-0890296E732D}"
EndProject
Project("{FAE04EC0-301F-11D3-BF4B-00C04F79EFBC}") = "Tyuiu.ZhirenbaevaII.Sprint3.Task7.V6", "Tyuiu.ZhirenbaevaII.Sprint3.Task7.V6\Tyuiu.ZhirenbaevaII.Sprint3.Task7.V6.csproj", "{F8D6840E-E0CE-451C-8D1F-73347DCAB32D}"
EndProject
Project("{FAE04EC0-301F-11D3-BF4B-00C04F79EFBC}") = "Tyuiu.ZhirenbaevaII.Sprint3.Task7.V6.Lib", "Tyuiu.ZhirenbaevaII.Sprint3.Task7.V6.Lib\Tyuiu.ZhirenbaevaII.Sprint3.Task7.V6.Lib.csproj", "{DC3621AC-B08A-4950-A093-C85D635F4E36}"
EndProject
Project("{FAE04EC0-301F-11D3-BF4B-00C04F79EFBC}") = "Tyuiu.ZhirenbaevaII.Sprint3.Task7.V6.Test", "Tyuiu.ZhirenbaevaII.Sprint3.Task7.V6.Test\Tyuiu.ZhirenbaevaII.Sprint3.Task7.V6.Test.csproj", "{D61478E7-D09F-4A12-BD30-CDDBE3FD7293}"
EndProject
Project("{FAE04EC0-301F-11D3-BF4B-00C04F79EFBC}") = "Tyuiu.ZhirenbaevaII.Sprint3.Task1.V23", "Tyuiu.ZhirenbaevaII.Sprint3.Task1.V23\Tyuiu.ZhirenbaevaII.Sprint3.Task1.V23.csproj", "{F067412B-416A-4409-AFC5-DFC52F57272C}"
EndProject
Project("{FAE04EC0-301F-11D3-BF4B-00C04F79EFBC}") = "Tyuiu.ZhirenbaevaII.Sprint3.Task1.V23.Test", "Tyuiu.ZhirenbaevaII.Sprint3.Task1.V23.Test\Tyuiu.ZhirenbaevaII.Sprint3.Task1.V23.Test.csproj", "{C275D9BF-47FA-40CD-8CC3-334CDEC62EA1}"
EndProject
Project("{FAE04EC0-301F-11D3-BF4B-00C04F79EFBC}") = "Tyuiu.ZhirenbaevaII.Sprint3.Task1.V23.Lib", "Tyuiu.ZhirenbaevaII.Sprint3.Task1.V23.Lib\Tyuiu.ZhirenbaevaII.Sprint3.Task1.V23.Lib.csproj", "{C17114DB-E1D5-4864-8C64-5ADE6A1746A0}"
EndProject
Project("{2150E333-8FDC-42A3-9474-1A3956D46DE8}") = "Task2", "Task2", "{AFE948FD-3298-4800-B739-B129525BA8E2}"
EndProject
Project("{FAE04EC0-301F-11D3-BF4B-00C04F79EFBC}") = "Tyuiu.ZhirenbaevaII.Sprint3.Task2.V28", "Tyuiu.ZhirenbaevaII.Sprint3.Task2.V28\Tyuiu.ZhirenbaevaII.Sprint3.Task2.V28.csproj", "{B9E4EBCD-3D6F-443B-8D06-E953214C5CA6}"
EndProject
Project("{FAE04EC0-301F-11D3-BF4B-00C04F79EFBC}") = "Tyuiu.ZhirenbaevaII.Sprint3.Task2.V28.Test", "Tyuiu.ZhirenbaevaII.Sprint3.Task2.V28.Test\Tyuiu.ZhirenbaevaII.Sprint3.Task2.V28.Test.csproj", "{0E7A14BD-EA45-40DE-8535-E342D4691B3B}"
EndProject
Project("{FAE04EC0-301F-11D3-BF4B-00C04F79EFBC}") = "Tyuiu.ZhirenbaevaII.Sprint3.Task2.V28.Lib", "Tyuiu.ZhirenbaevaII.Sprint3.Task2.V28.Lib\Tyuiu.ZhirenbaevaII.Sprint3.Task2.V28.Lib.csproj", "{24DBFA35-79B2-401E-8591-B673E7004A64}"
EndProject
Global
	GlobalSection(SolutionConfigurationPlatforms) = preSolution
		Debug|Any CPU = Debug|Any CPU
		Release|Any CPU = Release|Any CPU
	EndGlobalSection
	GlobalSection(ProjectConfigurationPlatforms) = postSolution
		{B85044CF-639F-47B8-AFB3-56E7B49ACD3B}.Debug|Any CPU.ActiveCfg = Debug|Any CPU
		{B85044CF-639F-47B8-AFB3-56E7B49ACD3B}.Debug|Any CPU.Build.0 = Debug|Any CPU
		{B85044CF-639F-47B8-AFB3-56E7B49ACD3B}.Release|Any CPU.ActiveCfg = Release|Any CPU
		{B85044CF-639F-47B8-AFB3-56E7B49ACD3B}.Release|Any CPU.Build.0 = Release|Any CPU
		{C7AA87E2-5FC7-400E-8B3A-6864D7EE9619}.Debug|Any CPU.ActiveCfg = Debug|Any CPU
		{C7AA87E2-5FC7-400E-8B3A-6864D7EE9619}.Debug|Any CPU.Build.0 = Debug|Any CPU
		{C7AA87E2-5FC7-400E-8B3A-6864D7EE9619}.Release|Any CPU.ActiveCfg = Release|Any CPU
		{C7AA87E2-5FC7-400E-8B3A-6864D7EE9619}.Release|Any CPU.Build.0 = Release|Any CPU
		{E4F34CF9-E281-4E24-ACFA-984C6C4165F8}.Debug|Any CPU.ActiveCfg = Debug|Any CPU
		{E4F34CF9-E281-4E24-ACFA-984C6C4165F8}.Debug|Any CPU.Build.0 = Debug|Any CPU
		{E4F34CF9-E281-4E24-ACFA-984C6C4165F8}.Release|Any CPU.ActiveCfg = Release|Any CPU
		{E4F34CF9-E281-4E24-ACFA-984C6C4165F8}.Release|Any CPU.Build.0 = Release|Any CPU
		{2C6EBEFA-98DF-44CB-9390-4442DE2C7C1E}.Debug|Any CPU.ActiveCfg = Debug|Any CPU
		{2C6EBEFA-98DF-44CB-9390-4442DE2C7C1E}.Debug|Any CPU.Build.0 = Debug|Any CPU
		{2C6EBEFA-98DF-44CB-9390-4442DE2C7C1E}.Release|Any CPU.ActiveCfg = Release|Any CPU
		{2C6EBEFA-98DF-44CB-9390-4442DE2C7C1E}.Release|Any CPU.Build.0 = Release|Any CPU
		{E7CA8C36-AC92-481C-BDF1-F5FAACE49C94}.Debug|Any CPU.ActiveCfg = Debug|Any CPU
		{E7CA8C36-AC92-481C-BDF1-F5FAACE49C94}.Debug|Any CPU.Build.0 = Debug|Any CPU
		{E7CA8C36-AC92-481C-BDF1-F5FAACE49C94}.Release|Any CPU.ActiveCfg = Release|Any CPU
		{E7CA8C36-AC92-481C-BDF1-F5FAACE49C94}.Release|Any CPU.Build.0 = Release|Any CPU
		{6AC16FEE-93C4-4E72-9512-7C7CC13EDCC3}.Debug|Any CPU.ActiveCfg = Debug|Any CPU
		{6AC16FEE-93C4-4E72-9512-7C7CC13EDCC3}.Debug|Any CPU.Build.0 = Debug|Any CPU
		{6AC16FEE-93C4-4E72-9512-7C7CC13EDCC3}.Release|Any CPU.ActiveCfg = Release|Any CPU
		{6AC16FEE-93C4-4E72-9512-7C7CC13EDCC3}.Release|Any CPU.Build.0 = Release|Any CPU
		{730604C2-DA73-46B4-B7EF-A0B2BA583A1C}.Debug|Any CPU.ActiveCfg = Debug|Any CPU
		{730604C2-DA73-46B4-B7EF-A0B2BA583A1C}.Debug|Any CPU.Build.0 = Debug|Any CPU
		{730604C2-DA73-46B4-B7EF-A0B2BA583A1C}.Release|Any CPU.ActiveCfg = Release|Any CPU
		{730604C2-DA73-46B4-B7EF-A0B2BA583A1C}.Release|Any CPU.Build.0 = Release|Any CPU
		{94AF4AF9-1F4F-402B-9175-93CDC2215764}.Debug|Any CPU.ActiveCfg = Debug|Any CPU
		{94AF4AF9-1F4F-402B-9175-93CDC2215764}.Debug|Any CPU.Build.0 = Debug|Any CPU
		{94AF4AF9-1F4F-402B-9175-93CDC2215764}.Release|Any CPU.ActiveCfg = Release|Any CPU
		{94AF4AF9-1F4F-402B-9175-93CDC2215764}.Release|Any CPU.Build.0 = Release|Any CPU
		{ECD4C27A-451E-45F0-AC25-688EC5552EEB}.Debug|Any CPU.ActiveCfg = Debug|Any CPU
		{ECD4C27A-451E-45F0-AC25-688EC5552EEB}.Debug|Any CPU.Build.0 = Debug|Any CPU
		{ECD4C27A-451E-45F0-AC25-688EC5552EEB}.Release|Any CPU.ActiveCfg = Release|Any CPU
		{ECD4C27A-451E-45F0-AC25-688EC5552EEB}.Release|Any CPU.Build.0 = Release|Any CPU
		{0C4791C6-0F36-4AA9-9D48-3ABD33FA02FA}.Debug|Any CPU.ActiveCfg = Debug|Any CPU
		{0C4791C6-0F36-4AA9-9D48-3ABD33FA02FA}.Debug|Any CPU.Build.0 = Debug|Any CPU
		{0C4791C6-0F36-4AA9-9D48-3ABD33FA02FA}.Release|Any CPU.ActiveCfg = Release|Any CPU
		{0C4791C6-0F36-4AA9-9D48-3ABD33FA02FA}.Release|Any CPU.Build.0 = Release|Any CPU
		{21B4707E-EC0D-4295-883A-A7480079E83F}.Debug|Any CPU.ActiveCfg = Debug|Any CPU
		{21B4707E-EC0D-4295-883A-A7480079E83F}.Debug|Any CPU.Build.0 = Debug|Any CPU
		{21B4707E-EC0D-4295-883A-A7480079E83F}.Release|Any CPU.ActiveCfg = Release|Any CPU
		{21B4707E-EC0D-4295-883A-A7480079E83F}.Release|Any CPU.Build.0 = Release|Any CPU
		{CA90E1B9-D2D9-4DF9-98B9-B755E7A52568}.Debug|Any CPU.ActiveCfg = Debug|Any CPU
		{CA90E1B9-D2D9-4DF9-98B9-B755E7A52568}.Debug|Any CPU.Build.0 = Debug|Any CPU
		{CA90E1B9-D2D9-4DF9-98B9-B755E7A52568}.Release|Any CPU.ActiveCfg = Release|Any CPU
		{CA90E1B9-D2D9-4DF9-98B9-B755E7A52568}.Release|Any CPU.Build.0 = Release|Any CPU
		{F8D6840E-E0CE-451C-8D1F-73347DCAB32D}.Debug|Any CPU.ActiveCfg = Debug|Any CPU
		{F8D6840E-E0CE-451C-8D1F-73347DCAB32D}.Debug|Any CPU.Build.0 = Debug|Any CPU
		{F8D6840E-E0CE-451C-8D1F-73347DCAB32D}.Release|Any CPU.ActiveCfg = Release|Any CPU
		{F8D6840E-E0CE-451C-8D1F-73347DCAB32D}.Release|Any CPU.Build.0 = Release|Any CPU
		{DC3621AC-B08A-4950-A093-C85D635F4E36}.Debug|Any CPU.ActiveCfg = Debug|Any CPU
		{DC3621AC-B08A-4950-A093-C85D635F4E36}.Debug|Any CPU.Build.0 = Debug|Any CPU
		{DC3621AC-B08A-4950-A093-C85D635F4E36}.Release|Any CPU.ActiveCfg = Release|Any CPU
		{DC3621AC-B08A-4950-A093-C85D635F4E36}.Release|Any CPU.Build.0 = Release|Any CPU
		{D61478E7-D09F-4A12-BD30-CDDBE3FD7293}.Debug|Any CPU.ActiveCfg = Debug|Any CPU
		{D61478E7-D09F-4A12-BD30-CDDBE3FD7293}.Debug|Any CPU.Build.0 = Debug|Any CPU
		{D61478E7-D09F-4A12-BD30-CDDBE3FD7293}.Release|Any CPU.ActiveCfg = Release|Any CPU
		{D61478E7-D09F-4A12-BD30-CDDBE3FD7293}.Release|Any CPU.Build.0 = Release|Any CPU
		{F067412B-416A-4409-AFC5-DFC52F57272C}.Debug|Any CPU.ActiveCfg = Debug|Any CPU
		{F067412B-416A-4409-AFC5-DFC52F57272C}.Debug|Any CPU.Build.0 = Debug|Any CPU
		{F067412B-416A-4409-AFC5-DFC52F57272C}.Release|Any CPU.ActiveCfg = Release|Any CPU
		{F067412B-416A-4409-AFC5-DFC52F57272C}.Release|Any CPU.Build.0 = Release|Any CPU
		{C275D9BF-47FA-40CD-8CC3-334CDEC62EA1}.Debug|Any CPU.ActiveCfg = Debug|Any CPU
		{C275D9BF-47FA-40CD-8CC3-334CDEC62EA1}.Debug|Any CPU.Build.0 = Debug|Any CPU
		{C275D9BF-47FA-40CD-8CC3-334CDEC62EA1}.Release|Any CPU.ActiveCfg = Release|Any CPU
		{C275D9BF-47FA-40CD-8CC3-334CDEC62EA1}.Release|Any CPU.Build.0 = Release|Any CPU
		{C17114DB-E1D5-4864-8C64-5ADE6A1746A0}.Debug|Any CPU.ActiveCfg = Debug|Any CPU
		{C17114DB-E1D5-4864-8C64-5ADE6A1746A0}.Debug|Any CPU.Build.0 = Debug|Any CPU
		{C17114DB-E1D5-4864-8C64-5ADE6A1746A0}.Release|Any CPU.ActiveCfg = Release|Any CPU
		{C17114DB-E1D5-4864-8C64-5ADE6A1746A0}.Release|Any CPU.Build.0 = Release|Any CPU
		{B9E4EBCD-3D6F-443B-8D06-E953214C5CA6}.Debug|Any CPU.ActiveCfg = Debug|Any CPU
		{B9E4EBCD-3D6F-443B-8D06-E953214C5CA6}.Debug|Any CPU.Build.0 = Debug|Any CPU
		{B9E4EBCD-3D6F-443B-8D06-E953214C5CA6}.Release|Any CPU.ActiveCfg = Release|Any CPU
		{B9E4EBCD-3D6F-443B-8D06-E953214C5CA6}.Release|Any CPU.Build.0 = Release|Any CPU
		{0E7A14BD-EA45-40DE-8535-E342D4691B3B}.Debug|Any CPU.ActiveCfg = Debug|Any CPU
		{0E7A14BD-EA45-40DE-8535-E342D4691B3B}.Debug|Any CPU.Build.0 = Debug|Any CPU
		{0E7A14BD-EA45-40DE-8535-E342D4691B3B}.Release|Any CPU.ActiveCfg = Release|Any CPU
		{0E7A14BD-EA45-40DE-8535-E342D4691B3B}.Release|Any CPU.Build.0 = Release|Any CPU
		{24DBFA35-79B2-401E-8591-B673E7004A64}.Debug|Any CPU.ActiveCfg = Debug|Any CPU
		{24DBFA35-79B2-401E-8591-B673E7004A64}.Debug|Any CPU.Build.0 = Debug|Any CPU
		{24DBFA35-79B2-401E-8591-B673E7004A64}.Release|Any CPU.ActiveCfg = Release|Any CPU
		{24DBFA35-79B2-401E-8591-B673E7004A64}.Release|Any CPU.Build.0 = Release|Any CPU
	EndGlobalSection
	GlobalSection(SolutionProperties) = preSolution
		HideSolutionNode = FALSE
	EndGlobalSection
	GlobalSection(NestedProjects) = preSolution
		{B85044CF-639F-47B8-AFB3-56E7B49ACD3B} = {352EF919-AFE7-4407-843A-1A0676D58E57}
		{C7AA87E2-5FC7-400E-8B3A-6864D7EE9619} = {352EF919-AFE7-4407-843A-1A0676D58E57}
		{E4F34CF9-E281-4E24-ACFA-984C6C4165F8} = {352EF919-AFE7-4407-843A-1A0676D58E57}
		{2C6EBEFA-98DF-44CB-9390-4442DE2C7C1E} = {876187A6-C91A-464F-AC9A-1982CCA3AA0F}
		{E7CA8C36-AC92-481C-BDF1-F5FAACE49C94} = {876187A6-C91A-464F-AC9A-1982CCA3AA0F}
		{6AC16FEE-93C4-4E72-9512-7C7CC13EDCC3} = {876187A6-C91A-464F-AC9A-1982CCA3AA0F}
		{730604C2-DA73-46B4-B7EF-A0B2BA583A1C} = {84DB5B4C-EAE3-4964-9AF6-885F0BAF5CA6}
		{94AF4AF9-1F4F-402B-9175-93CDC2215764} = {84DB5B4C-EAE3-4964-9AF6-885F0BAF5CA6}
		{ECD4C27A-451E-45F0-AC25-688EC5552EEB} = {84DB5B4C-EAE3-4964-9AF6-885F0BAF5CA6}
		{0C4791C6-0F36-4AA9-9D48-3ABD33FA02FA} = {EC891996-BAD2-493A-B326-E0CDBA99B9E6}
		{21B4707E-EC0D-4295-883A-A7480079E83F} = {EC891996-BAD2-493A-B326-E0CDBA99B9E6}
		{CA90E1B9-D2D9-4DF9-98B9-B755E7A52568} = {EC891996-BAD2-493A-B326-E0CDBA99B9E6}
		{F8D6840E-E0CE-451C-8D1F-73347DCAB32D} = {7600A269-CE16-424B-B81F-0890296E732D}
		{DC3621AC-B08A-4950-A093-C85D635F4E36} = {7600A269-CE16-424B-B81F-0890296E732D}
		{D61478E7-D09F-4A12-BD30-CDDBE3FD7293} = {7600A269-CE16-424B-B81F-0890296E732D}
		{F067412B-416A-4409-AFC5-DFC52F57272C} = {15834E21-B2D3-4C21-8DF7-87F98E4853A6}
		{C275D9BF-47FA-40CD-8CC3-334CDEC62EA1} = {15834E21-B2D3-4C21-8DF7-87F98E4853A6}
		{C17114DB-E1D5-4864-8C64-5ADE6A1746A0} = {15834E21-B2D3-4C21-8DF7-87F98E4853A6}
		{B9E4EBCD-3D6F-443B-8D06-E953214C5CA6} = {AFE948FD-3298-4800-B739-B129525BA8E2}
		{0E7A14BD-EA45-40DE-8535-E342D4691B3B} = {AFE948FD-3298-4800-B739-B129525BA8E2}
		{24DBFA35-79B2-401E-8591-B673E7004A64} = {AFE948FD-3298-4800-B739-B129525BA8E2}
	EndGlobalSection
	GlobalSection(ExtensibilityGlobals) = postSolution
		SolutionGuid = {DB0ECB6B-DE31-41AB-AD16-23FBA2A7ECD4}
	EndGlobalSection
EndGlobal
